// !$*UTF8*$!
{
	archiveVersion = 1;
	classes = {
	};
	objectVersion = 50;
	objects = {

/* Begin PBXBuildFile section */
		25A720177774FE0EC8903A04 /* Pods_JibSpaceXTests.framework in Frameworks */ = {isa = PBXBuildFile; fileRef = E3C745A9693B0AB8356CB6D7 /* Pods_JibSpaceXTests.framework */; };
		46C7985300721B8E6412727F /* Pods_JibSpaceX.framework in Frameworks */ = {isa = PBXBuildFile; fileRef = 90F006C7D0127F10AB75F8FE /* Pods_JibSpaceX.framework */; };
		7EA1EE1A25D8818A00A2BE06 /* Endpoint.swift in Sources */ = {isa = PBXBuildFile; fileRef = 7EA1EE1925D8818A00A2BE06 /* Endpoint.swift */; };
		7EA1EE1C25D881C600A2BE06 /* HomeEndpoints.swift in Sources */ = {isa = PBXBuildFile; fileRef = 7EA1EE1B25D881C600A2BE06 /* HomeEndpoints.swift */; };
		7EA1EE1E25D8828900A2BE06 /* HomeService.swift in Sources */ = {isa = PBXBuildFile; fileRef = 7EA1EE1D25D8828800A2BE06 /* HomeService.swift */; };
		7EA1EE2125D8837800A2BE06 /* Constants.swift in Sources */ = {isa = PBXBuildFile; fileRef = 7EA1EE2025D8837800A2BE06 /* Constants.swift */; };
		7EA1EE2425D8867500A2BE06 /* UITableView+DefaultCell.swift in Sources */ = {isa = PBXBuildFile; fileRef = 7EA1EE2325D8867500A2BE06 /* UITableView+DefaultCell.swift */; };
		7EA1EE2725D8869000A2BE06 /* UITableView+ActivityIndicator.swift in Sources */ = {isa = PBXBuildFile; fileRef = 7EA1EE2625D8869000A2BE06 /* UITableView+ActivityIndicator.swift */; };
		7EA1EE2925D8869F00A2BE06 /* UITableView+EmptyMessage.swift in Sources */ = {isa = PBXBuildFile; fileRef = 7EA1EE2825D8869F00A2BE06 /* UITableView+EmptyMessage.swift */; };
		7EF659ED25D87B83007EDFD8 /* AppDelegate.swift in Sources */ = {isa = PBXBuildFile; fileRef = 7EF659EC25D87B83007EDFD8 /* AppDelegate.swift */; };
		7EF659F125D87B83007EDFD8 /* HomeViewController.swift in Sources */ = {isa = PBXBuildFile; fileRef = 7EF659F025D87B83007EDFD8 /* HomeViewController.swift */; };
		7EF659F425D87B84007EDFD8 /* Main.storyboard in Resources */ = {isa = PBXBuildFile; fileRef = 7EF659F225D87B84007EDFD8 /* Main.storyboard */; };
		7EF659F625D87B86007EDFD8 /* Assets.xcassets in Resources */ = {isa = PBXBuildFile; fileRef = 7EF659F525D87B86007EDFD8 /* Assets.xcassets */; };
		7EF659F925D87B86007EDFD8 /* LaunchScreen.storyboard in Resources */ = {isa = PBXBuildFile; fileRef = 7EF659F725D87B86007EDFD8 /* LaunchScreen.storyboard */; };
		7EF65A0425D87B86007EDFD8 /* JibSpaceXTests.swift in Sources */ = {isa = PBXBuildFile; fileRef = 7EF65A0325D87B86007EDFD8 /* JibSpaceXTests.swift */; };
/* End PBXBuildFile section */

/* Begin PBXContainerItemProxy section */
		7EF65A0025D87B86007EDFD8 /* PBXContainerItemProxy */ = {
			isa = PBXContainerItemProxy;
			containerPortal = 7EF659E125D87B83007EDFD8 /* Project object */;
			proxyType = 1;
			remoteGlobalIDString = 7EF659E825D87B83007EDFD8;
			remoteInfo = JibSpaceX;
		};
/* End PBXContainerItemProxy section */

/* Begin PBXFileReference section */
		105B3D77A8D8E2FFE394DB6F /* Pods-JibSpaceXTests.release.xcconfig */ = {isa = PBXFileReference; includeInIndex = 1; lastKnownFileType = text.xcconfig; name = "Pods-JibSpaceXTests.release.xcconfig"; path = "Pods/Target Support Files/Pods-JibSpaceXTests/Pods-JibSpaceXTests.release.xcconfig"; sourceTree = "<group>"; };
		1A08C5A91B6D4EDB6F4A66AE /* Pods-JibSpaceX.debug.xcconfig */ = {isa = PBXFileReference; includeInIndex = 1; lastKnownFileType = text.xcconfig; name = "Pods-JibSpaceX.debug.xcconfig"; path = "Pods/Target Support Files/Pods-JibSpaceX/Pods-JibSpaceX.debug.xcconfig"; sourceTree = "<group>"; };
		1E273357D9FA7FDCC4F6E6E1 /* Pods-JibSpaceXTests.debug.xcconfig */ = {isa = PBXFileReference; includeInIndex = 1; lastKnownFileType = text.xcconfig; name = "Pods-JibSpaceXTests.debug.xcconfig"; path = "Pods/Target Support Files/Pods-JibSpaceXTests/Pods-JibSpaceXTests.debug.xcconfig"; sourceTree = "<group>"; };
		7EA1EE1925D8818A00A2BE06 /* Endpoint.swift */ = {isa = PBXFileReference; lastKnownFileType = sourcecode.swift; path = Endpoint.swift; sourceTree = "<group>"; };
		7EA1EE1B25D881C600A2BE06 /* HomeEndpoints.swift */ = {isa = PBXFileReference; lastKnownFileType = sourcecode.swift; path = HomeEndpoints.swift; sourceTree = "<group>"; };
		7EA1EE1D25D8828800A2BE06 /* HomeService.swift */ = {isa = PBXFileReference; lastKnownFileType = sourcecode.swift; path = HomeService.swift; sourceTree = "<group>"; };
		7EA1EE2025D8837800A2BE06 /* Constants.swift */ = {isa = PBXFileReference; lastKnownFileType = sourcecode.swift; path = Constants.swift; sourceTree = "<group>"; };
		7EA1EE2325D8867500A2BE06 /* UITableView+DefaultCell.swift */ = {isa = PBXFileReference; lastKnownFileType = sourcecode.swift; path = "UITableView+DefaultCell.swift"; sourceTree = "<group>"; };
		7EA1EE2625D8869000A2BE06 /* UITableView+ActivityIndicator.swift */ = {isa = PBXFileReference; lastKnownFileType = sourcecode.swift; path = "UITableView+ActivityIndicator.swift"; sourceTree = "<group>"; };
		7EA1EE2825D8869F00A2BE06 /* UITableView+EmptyMessage.swift */ = {isa = PBXFileReference; lastKnownFileType = sourcecode.swift; path = "UITableView+EmptyMessage.swift"; sourceTree = "<group>"; };
		7EF659E925D87B83007EDFD8 /* JibSpaceX.app */ = {isa = PBXFileReference; explicitFileType = wrapper.application; includeInIndex = 0; path = JibSpaceX.app; sourceTree = BUILT_PRODUCTS_DIR; };
		7EF659EC25D87B83007EDFD8 /* AppDelegate.swift */ = {isa = PBXFileReference; lastKnownFileType = sourcecode.swift; path = AppDelegate.swift; sourceTree = "<group>"; };
		7EF659F025D87B83007EDFD8 /* HomeViewController.swift */ = {isa = PBXFileReference; lastKnownFileType = sourcecode.swift; path = HomeViewController.swift; sourceTree = "<group>"; };
		7EF659F325D87B84007EDFD8 /* Base */ = {isa = PBXFileReference; lastKnownFileType = file.storyboard; name = Base; path = Base.lproj/Main.storyboard; sourceTree = "<group>"; };
		7EF659F525D87B86007EDFD8 /* Assets.xcassets */ = {isa = PBXFileReference; lastKnownFileType = folder.assetcatalog; path = Assets.xcassets; sourceTree = "<group>"; };
		7EF659F825D87B86007EDFD8 /* Base */ = {isa = PBXFileReference; lastKnownFileType = file.storyboard; name = Base; path = Base.lproj/LaunchScreen.storyboard; sourceTree = "<group>"; };
		7EF659FA25D87B86007EDFD8 /* Info.plist */ = {isa = PBXFileReference; lastKnownFileType = text.plist.xml; path = Info.plist; sourceTree = "<group>"; };
		7EF659FF25D87B86007EDFD8 /* JibSpaceXTests.xctest */ = {isa = PBXFileReference; explicitFileType = wrapper.cfbundle; includeInIndex = 0; path = JibSpaceXTests.xctest; sourceTree = BUILT_PRODUCTS_DIR; };
		7EF65A0325D87B86007EDFD8 /* JibSpaceXTests.swift */ = {isa = PBXFileReference; lastKnownFileType = sourcecode.swift; path = JibSpaceXTests.swift; sourceTree = "<group>"; };
		7EF65A0525D87B86007EDFD8 /* Info.plist */ = {isa = PBXFileReference; lastKnownFileType = text.plist.xml; path = Info.plist; sourceTree = "<group>"; };
		90F006C7D0127F10AB75F8FE /* Pods_JibSpaceX.framework */ = {isa = PBXFileReference; explicitFileType = wrapper.framework; includeInIndex = 0; path = Pods_JibSpaceX.framework; sourceTree = BUILT_PRODUCTS_DIR; };
		A40EFD28EB116046F91D5F77 /* Pods-JibSpaceX.release.xcconfig */ = {isa = PBXFileReference; includeInIndex = 1; lastKnownFileType = text.xcconfig; name = "Pods-JibSpaceX.release.xcconfig"; path = "Pods/Target Support Files/Pods-JibSpaceX/Pods-JibSpaceX.release.xcconfig"; sourceTree = "<group>"; };
		E3C745A9693B0AB8356CB6D7 /* Pods_JibSpaceXTests.framework */ = {isa = PBXFileReference; explicitFileType = wrapper.framework; includeInIndex = 0; path = Pods_JibSpaceXTests.framework; sourceTree = BUILT_PRODUCTS_DIR; };
/* End PBXFileReference section */

/* Begin PBXFrameworksBuildPhase section */
		7EF659E625D87B83007EDFD8 /* Frameworks */ = {
			isa = PBXFrameworksBuildPhase;
			buildActionMask = 2147483647;
			files = (
				46C7985300721B8E6412727F /* Pods_JibSpaceX.framework in Frameworks */,
			);
			runOnlyForDeploymentPostprocessing = 0;
		};
		7EF659FC25D87B86007EDFD8 /* Frameworks */ = {
			isa = PBXFrameworksBuildPhase;
			buildActionMask = 2147483647;
			files = (
				25A720177774FE0EC8903A04 /* Pods_JibSpaceXTests.framework in Frameworks */,
			);
			runOnlyForDeploymentPostprocessing = 0;
		};
/* End PBXFrameworksBuildPhase section */

/* Begin PBXGroup section */
		06F2732523D4011FA1B2C2BE /* Pods */ = {
			isa = PBXGroup;
			children = (
				1A08C5A91B6D4EDB6F4A66AE /* Pods-JibSpaceX.debug.xcconfig */,
				A40EFD28EB116046F91D5F77 /* Pods-JibSpaceX.release.xcconfig */,
				1E273357D9FA7FDCC4F6E6E1 /* Pods-JibSpaceXTests.debug.xcconfig */,
				105B3D77A8D8E2FFE394DB6F /* Pods-JibSpaceXTests.release.xcconfig */,
			);
			name = Pods;
			sourceTree = "<group>";
		};
		7EA1EE1625D8814C00A2BE06 /* Core */ = {
			isa = PBXGroup;
			children = (
				7EA1EE1725D8816200A2BE06 /* Endpoints */,
				7EA1EE1825D8816B00A2BE06 /* Services */,
			);
			path = Core;
			sourceTree = "<group>";
		};
		7EA1EE1725D8816200A2BE06 /* Endpoints */ = {
			isa = PBXGroup;
			children = (
				7EA1EE1925D8818A00A2BE06 /* Endpoint.swift */,
				7EA1EE1B25D881C600A2BE06 /* HomeEndpoints.swift */,
			);
			path = Endpoints;
			sourceTree = "<group>";
		};
		7EA1EE1825D8816B00A2BE06 /* Services */ = {
			isa = PBXGroup;
			children = (
				7EA1EE1D25D8828800A2BE06 /* HomeService.swift */,
			);
			path = Services;
			sourceTree = "<group>";
		};
		7EA1EE1F25D8836200A2BE06 /* Helpers */ = {
			isa = PBXGroup;
			children = (
				7EA1EE2025D8837800A2BE06 /* Constants.swift */,
				7EA1EE2225D8865500A2BE06 /* Extensions */,
			);
			path = Helpers;
			sourceTree = "<group>";
		};
		7EA1EE2225D8865500A2BE06 /* Extensions */ = {
			isa = PBXGroup;
			children = (
				7EA1EE2525D8867E00A2BE06 /* UITableView */,
			);
			path = Extensions;
			sourceTree = "<group>";
		};
		7EA1EE2525D8867E00A2BE06 /* UITableView */ = {
			isa = PBXGroup;
			children = (
				7EA1EE2325D8867500A2BE06 /* UITableView+DefaultCell.swift */,
				7EA1EE2625D8869000A2BE06 /* UITableView+ActivityIndicator.swift */,
				7EA1EE2825D8869F00A2BE06 /* UITableView+EmptyMessage.swift */,
			);
			path = UITableView;
			sourceTree = "<group>";
		};
		7EF659E025D87B83007EDFD8 = {
			isa = PBXGroup;
			children = (
				7EF659EB25D87B83007EDFD8 /* JibSpaceX */,
				7EF65A0225D87B86007EDFD8 /* JibSpaceXTests */,
				7EF659EA25D87B83007EDFD8 /* Products */,
				06F2732523D4011FA1B2C2BE /* Pods */,
				8DCC47CF2301996448F99F2D /* Frameworks */,
			);
			sourceTree = "<group>";
		};
		7EF659EA25D87B83007EDFD8 /* Products */ = {
			isa = PBXGroup;
			children = (
				7EF659E925D87B83007EDFD8 /* JibSpaceX.app */,
				7EF659FF25D87B86007EDFD8 /* JibSpaceXTests.xctest */,
			);
			name = Products;
			sourceTree = "<group>";
		};
		7EF659EB25D87B83007EDFD8 /* JibSpaceX */ = {
			isa = PBXGroup;
			children = (
				7EF659EC25D87B83007EDFD8 /* AppDelegate.swift */,
				7EA1EE1625D8814C00A2BE06 /* Core */,
				7EA1EE1F25D8836200A2BE06 /* Helpers */,
				7EF659F025D87B83007EDFD8 /* HomeViewController.swift */,
				7EF659F225D87B84007EDFD8 /* Main.storyboard */,
				7EF659F525D87B86007EDFD8 /* Assets.xcassets */,
				7EF659F725D87B86007EDFD8 /* LaunchScreen.storyboard */,
				7EF659FA25D87B86007EDFD8 /* Info.plist */,
			);
			path = JibSpaceX;
			sourceTree = "<group>";
		};
		7EF65A0225D87B86007EDFD8 /* JibSpaceXTests */ = {
			isa = PBXGroup;
			children = (
				7EF65A0325D87B86007EDFD8 /* JibSpaceXTests.swift */,
				7EF65A0525D87B86007EDFD8 /* Info.plist */,
			);
			path = JibSpaceXTests;
			sourceTree = "<group>";
		};
		8DCC47CF2301996448F99F2D /* Frameworks */ = {
			isa = PBXGroup;
			children = (
				90F006C7D0127F10AB75F8FE /* Pods_JibSpaceX.framework */,
				E3C745A9693B0AB8356CB6D7 /* Pods_JibSpaceXTests.framework */,
			);
			name = Frameworks;
			sourceTree = "<group>";
		};
/* End PBXGroup section */

/* Begin PBXNativeTarget section */
		7EF659E825D87B83007EDFD8 /* JibSpaceX */ = {
			isa = PBXNativeTarget;
			buildConfigurationList = 7EF65A0825D87B86007EDFD8 /* Build configuration list for PBXNativeTarget "JibSpaceX" */;
			buildPhases = (
				A3138313529109EBE39E154A /* [CP] Check Pods Manifest.lock */,
				7EF659E525D87B83007EDFD8 /* Sources */,
				7EF659E625D87B83007EDFD8 /* Frameworks */,
				7EF659E725D87B83007EDFD8 /* Resources */,
				B4D8BEE2F5B995B2E4F7DABC /* [CP] Embed Pods Frameworks */,
			);
			buildRules = (
			);
			dependencies = (
			);
			name = JibSpaceX;
			productName = JibSpaceX;
			productReference = 7EF659E925D87B83007EDFD8 /* JibSpaceX.app */;
			productType = "com.apple.product-type.application";
		};
		7EF659FE25D87B86007EDFD8 /* JibSpaceXTests */ = {
			isa = PBXNativeTarget;
			buildConfigurationList = 7EF65A0B25D87B86007EDFD8 /* Build configuration list for PBXNativeTarget "JibSpaceXTests" */;
			buildPhases = (
				D7D90BE46B81F3F69EF473C2 /* [CP] Check Pods Manifest.lock */,
				7EF659FB25D87B86007EDFD8 /* Sources */,
				7EF659FC25D87B86007EDFD8 /* Frameworks */,
				7EF659FD25D87B86007EDFD8 /* Resources */,
			);
			buildRules = (
			);
			dependencies = (
				7EF65A0125D87B86007EDFD8 /* PBXTargetDependency */,
			);
			name = JibSpaceXTests;
			productName = JibSpaceXTests;
			productReference = 7EF659FF25D87B86007EDFD8 /* JibSpaceXTests.xctest */;
			productType = "com.apple.product-type.bundle.unit-test";
		};
/* End PBXNativeTarget section */

/* Begin PBXProject section */
		7EF659E125D87B83007EDFD8 /* Project object */ = {
			isa = PBXProject;
			attributes = {
				LastSwiftUpdateCheck = 1130;
				LastUpgradeCheck = 1130;
				ORGANIZATIONNAME = "Ibrahim Beltagy";
				TargetAttributes = {
					7EF659E825D87B83007EDFD8 = {
						CreatedOnToolsVersion = 11.3.1;
					};
					7EF659FE25D87B86007EDFD8 = {
						CreatedOnToolsVersion = 11.3.1;
						TestTargetID = 7EF659E825D87B83007EDFD8;
					};
				};
			};
			buildConfigurationList = 7EF659E425D87B83007EDFD8 /* Build configuration list for PBXProject "JibSpaceX" */;
			compatibilityVersion = "Xcode 9.3";
			developmentRegion = en;
			hasScannedForEncodings = 0;
			knownRegions = (
				en,
				Base,
			);
			mainGroup = 7EF659E025D87B83007EDFD8;
			productRefGroup = 7EF659EA25D87B83007EDFD8 /* Products */;
			projectDirPath = "";
			projectRoot = "";
			targets = (
				7EF659E825D87B83007EDFD8 /* JibSpaceX */,
				7EF659FE25D87B86007EDFD8 /* JibSpaceXTests */,
			);
		};
/* End PBXProject section */

/* Begin PBXResourcesBuildPhase section */
		7EF659E725D87B83007EDFD8 /* Resources */ = {
			isa = PBXResourcesBuildPhase;
			buildActionMask = 2147483647;
			files = (
				7EF659F925D87B86007EDFD8 /* LaunchScreen.storyboard in Resources */,
				7EF659F625D87B86007EDFD8 /* Assets.xcassets in Resources */,
				7EF659F425D87B84007EDFD8 /* Main.storyboard in Resources */,
			);
			runOnlyForDeploymentPostprocessing = 0;
		};
		7EF659FD25D87B86007EDFD8 /* Resources */ = {
			isa = PBXResourcesBuildPhase;
			buildActionMask = 2147483647;
			files = (
			);
			runOnlyForDeploymentPostprocessing = 0;
		};
/* End PBXResourcesBuildPhase section */

/* Begin PBXShellScriptBuildPhase section */
		A3138313529109EBE39E154A /* [CP] Check Pods Manifest.lock */ = {
			isa = PBXShellScriptBuildPhase;
			buildActionMask = 2147483647;
			files = (
			);
			inputPaths = (
				"${PODS_PODFILE_DIR_PATH}/Podfile.lock",
				"${PODS_ROOT}/Manifest.lock",
			);
			name = "[CP] Check Pods Manifest.lock";
			outputPaths = (
				"$(DERIVED_FILE_DIR)/Pods-JibSpaceX-checkManifestLockResult.txt",
			);
			runOnlyForDeploymentPostprocessing = 0;
			shellPath = /bin/sh;
			shellScript = "diff \"${PODS_PODFILE_DIR_PATH}/Podfile.lock\" \"${PODS_ROOT}/Manifest.lock\" > /dev/null\nif [ $? != 0 ] ; then\n    # print error to STDERR\n    echo \"error: The sandbox is not in sync with the Podfile.lock. Run 'pod install' or update your CocoaPods installation.\" >&2\n    exit 1\nfi\n# This output is used by Xcode 'outputs' to avoid re-running this script phase.\necho \"SUCCESS\" > \"${SCRIPT_OUTPUT_FILE_0}\"\n";
			showEnvVarsInLog = 0;
		};
		B4D8BEE2F5B995B2E4F7DABC /* [CP] Embed Pods Frameworks */ = {
			isa = PBXShellScriptBuildPhase;
			buildActionMask = 2147483647;
			files = (
			);
			inputPaths = (
				"${SRCROOT}/Pods/Target Support Files/Pods-JibSpaceX/Pods-JibSpaceX-frameworks.sh",
				"${BUILT_PRODUCTS_DIR}/Alamofire/Alamofire.framework",
				"${BUILT_PRODUCTS_DIR}/SDWebImage/SDWebImage.framework",
			);
			name = "[CP] Embed Pods Frameworks";
			outputPaths = (
				"${TARGET_BUILD_DIR}/${FRAMEWORKS_FOLDER_PATH}/Alamofire.framework",
				"${TARGET_BUILD_DIR}/${FRAMEWORKS_FOLDER_PATH}/SDWebImage.framework",
			);
			runOnlyForDeploymentPostprocessing = 0;
			shellPath = /bin/sh;
			shellScript = "\"${SRCROOT}/Pods/Target Support Files/Pods-JibSpaceX/Pods-JibSpaceX-frameworks.sh\"\n";
			showEnvVarsInLog = 0;
		};
		D7D90BE46B81F3F69EF473C2 /* [CP] Check Pods Manifest.lock */ = {
			isa = PBXShellScriptBuildPhase;
			buildActionMask = 2147483647;
			files = (
			);
			inputPaths = (
				"${PODS_PODFILE_DIR_PATH}/Podfile.lock",
				"${PODS_ROOT}/Manifest.lock",
			);
			name = "[CP] Check Pods Manifest.lock";
			outputPaths = (
				"$(DERIVED_FILE_DIR)/Pods-JibSpaceXTests-checkManifestLockResult.txt",
			);
			runOnlyForDeploymentPostprocessing = 0;
			shellPath = /bin/sh;
			shellScript = "diff \"${PODS_PODFILE_DIR_PATH}/Podfile.lock\" \"${PODS_ROOT}/Manifest.lock\" > /dev/null\nif [ $? != 0 ] ; then\n    # print error to STDERR\n    echo \"error: The sandbox is not in sync with the Podfile.lock. Run 'pod install' or update your CocoaPods installation.\" >&2\n    exit 1\nfi\n# This output is used by Xcode 'outputs' to avoid re-running this script phase.\necho \"SUCCESS\" > \"${SCRIPT_OUTPUT_FILE_0}\"\n";
			showEnvVarsInLog = 0;
		};
/* End PBXShellScriptBuildPhase section */

/* Begin PBXSourcesBuildPhase section */
		7EF659E525D87B83007EDFD8 /* Sources */ = {
			isa = PBXSourcesBuildPhase;
			buildActionMask = 2147483647;
			files = (
				7EA1EE2425D8867500A2BE06 /* UITableView+DefaultCell.swift in Sources */,
				7EA1EE2925D8869F00A2BE06 /* UITableView+EmptyMessage.swift in Sources */,
				7EF659F125D87B83007EDFD8 /* HomeViewController.swift in Sources */,
				7EA1EE1A25D8818A00A2BE06 /* Endpoint.swift in Sources */,
				7EF659ED25D87B83007EDFD8 /* AppDelegate.swift in Sources */,
				7EA1EE2725D8869000A2BE06 /* UITableView+ActivityIndicator.swift in Sources */,
				7EA1EE1C25D881C600A2BE06 /* HomeEndpoints.swift in Sources */,
				7EA1EE1E25D8828900A2BE06 /* HomeService.swift in Sources */,
				7EA1EE2125D8837800A2BE06 /* Constants.swift in Sources */,
			);
			runOnlyForDeploymentPostprocessing = 0;
		};
		7EF659FB25D87B86007EDFD8 /* Sources */ = {
			isa = PBXSourcesBuildPhase;
			buildActionMask = 2147483647;
			files = (
				7EF65A0425D87B86007EDFD8 /* JibSpaceXTests.swift in Sources */,
			);
			runOnlyForDeploymentPostprocessing = 0;
		};
/* End PBXSourcesBuildPhase section */

/* Begin PBXTargetDependency section */
		7EF65A0125D87B86007EDFD8 /* PBXTargetDependency */ = {
			isa = PBXTargetDependency;
			target = 7EF659E825D87B83007EDFD8 /* JibSpaceX */;
			targetProxy = 7EF65A0025D87B86007EDFD8 /* PBXContainerItemProxy */;
		};
/* End PBXTargetDependency section */

/* Begin PBXVariantGroup section */
		7EF659F225D87B84007EDFD8 /* Main.storyboard */ = {
			isa = PBXVariantGroup;
			children = (
				7EF659F325D87B84007EDFD8 /* Base */,
			);
			name = Main.storyboard;
			sourceTree = "<group>";
		};
		7EF659F725D87B86007EDFD8 /* LaunchScreen.storyboard */ = {
			isa = PBXVariantGroup;
			children = (
				7EF659F825D87B86007EDFD8 /* Base */,
			);
			name = LaunchScreen.storyboard;
			sourceTree = "<group>";
		};
/* End PBXVariantGroup section */

/* Begin XCBuildConfiguration section */
		7EF65A0625D87B86007EDFD8 /* Debug */ = {
			isa = XCBuildConfiguration;
			buildSettings = {
				ALWAYS_SEARCH_USER_PATHS = NO;
				CLANG_ANALYZER_NONNULL = YES;
				CLANG_ANALYZER_NUMBER_OBJECT_CONVERSION = YES_AGGRESSIVE;
				CLANG_CXX_LANGUAGE_STANDARD = "gnu++14";
				CLANG_CXX_LIBRARY = "libc++";
				CLANG_ENABLE_MODULES = YES;
				CLANG_ENABLE_OBJC_ARC = YES;
				CLANG_ENABLE_OBJC_WEAK = YES;
				CLANG_WARN_BLOCK_CAPTURE_AUTORELEASING = YES;
				CLANG_WARN_BOOL_CONVERSION = YES;
				CLANG_WARN_COMMA = YES;
				CLANG_WARN_CONSTANT_CONVERSION = YES;
				CLANG_WARN_DEPRECATED_OBJC_IMPLEMENTATIONS = YES;
				CLANG_WARN_DIRECT_OBJC_ISA_USAGE = YES_ERROR;
				CLANG_WARN_DOCUMENTATION_COMMENTS = YES;
				CLANG_WARN_EMPTY_BODY = YES;
				CLANG_WARN_ENUM_CONVERSION = YES;
				CLANG_WARN_INFINITE_RECURSION = YES;
				CLANG_WARN_INT_CONVERSION = YES;
				CLANG_WARN_NON_LITERAL_NULL_CONVERSION = YES;
				CLANG_WARN_OBJC_IMPLICIT_RETAIN_SELF = YES;
				CLANG_WARN_OBJC_LITERAL_CONVERSION = YES;
				CLANG_WARN_OBJC_ROOT_CLASS = YES_ERROR;
				CLANG_WARN_RANGE_LOOP_ANALYSIS = YES;
				CLANG_WARN_STRICT_PROTOTYPES = YES;
				CLANG_WARN_SUSPICIOUS_MOVE = YES;
				CLANG_WARN_UNGUARDED_AVAILABILITY = YES_AGGRESSIVE;
				CLANG_WARN_UNREACHABLE_CODE = YES;
				CLANG_WARN__DUPLICATE_METHOD_MATCH = YES;
				COPY_PHASE_STRIP = NO;
				DEBUG_INFORMATION_FORMAT = dwarf;
				ENABLE_STRICT_OBJC_MSGSEND = YES;
				ENABLE_TESTABILITY = YES;
				GCC_C_LANGUAGE_STANDARD = gnu11;
				GCC_DYNAMIC_NO_PIC = NO;
				GCC_NO_COMMON_BLOCKS = YES;
				GCC_OPTIMIZATION_LEVEL = 0;
				GCC_PREPROCESSOR_DEFINITIONS = (
					"DEBUG=1",
					"$(inherited)",
				);
				GCC_WARN_64_TO_32_BIT_CONVERSION = YES;
				GCC_WARN_ABOUT_RETURN_TYPE = YES_ERROR;
				GCC_WARN_UNDECLARED_SELECTOR = YES;
				GCC_WARN_UNINITIALIZED_AUTOS = YES_AGGRESSIVE;
				GCC_WARN_UNUSED_FUNCTION = YES;
				GCC_WARN_UNUSED_VARIABLE = YES;
				IPHONEOS_DEPLOYMENT_TARGET = 13.2;
				MTL_ENABLE_DEBUG_INFO = INCLUDE_SOURCE;
				MTL_FAST_MATH = YES;
				ONLY_ACTIVE_ARCH = YES;
				SDKROOT = iphoneos;
				SWIFT_ACTIVE_COMPILATION_CONDITIONS = DEBUG;
				SWIFT_OPTIMIZATION_LEVEL = "-Onone";
			};
			name = Debug;
		};
		7EF65A0725D87B86007EDFD8 /* Release */ = {
			isa = XCBuildConfiguration;
			buildSettings = {
				ALWAYS_SEARCH_USER_PATHS = NO;
				CLANG_ANALYZER_NONNULL = YES;
				CLANG_ANALYZER_NUMBER_OBJECT_CONVERSION = YES_AGGRESSIVE;
				CLANG_CXX_LANGUAGE_STANDARD = "gnu++14";
				CLANG_CXX_LIBRARY = "libc++";
				CLANG_ENABLE_MODULES = YES;
				CLANG_ENABLE_OBJC_ARC = YES;
				CLANG_ENABLE_OBJC_WEAK = YES;
				CLANG_WARN_BLOCK_CAPTURE_AUTORELEASING = YES;
				CLANG_WARN_BOOL_CONVERSION = YES;
				CLANG_WARN_COMMA = YES;
				CLANG_WARN_CONSTANT_CONVERSION = YES;
				CLANG_WARN_DEPRECATED_OBJC_IMPLEMENTATIONS = YES;
				CLANG_WARN_DIRECT_OBJC_ISA_USAGE = YES_ERROR;
				CLANG_WARN_DOCUMENTATION_COMMENTS = YES;
				CLANG_WARN_EMPTY_BODY = YES;
				CLANG_WARN_ENUM_CONVERSION = YES;
				CLANG_WARN_INFINITE_RECURSION = YES;
				CLANG_WARN_INT_CONVERSION = YES;
				CLANG_WARN_NON_LITERAL_NULL_CONVERSION = YES;
				CLANG_WARN_OBJC_IMPLICIT_RETAIN_SELF = YES;
				CLANG_WARN_OBJC_LITERAL_CONVERSION = YES;
				CLANG_WARN_OBJC_ROOT_CLASS = YES_ERROR;
				CLANG_WARN_RANGE_LOOP_ANALYSIS = YES;
				CLANG_WARN_STRICT_PROTOTYPES = YES;
				CLANG_WARN_SUSPICIOUS_MOVE = YES;
				CLANG_WARN_UNGUARDED_AVAILABILITY = YES_AGGRESSIVE;
				CLANG_WARN_UNREACHABLE_CODE = YES;
				CLANG_WARN__DUPLICATE_METHOD_MATCH = YES;
				COPY_PHASE_STRIP = NO;
				DEBUG_INFORMATION_FORMAT = "dwarf-with-dsym";
				ENABLE_NS_ASSERTIONS = NO;
				ENABLE_STRICT_OBJC_MSGSEND = YES;
				GCC_C_LANGUAGE_STANDARD = gnu11;
				GCC_NO_COMMON_BLOCKS = YES;
				GCC_WARN_64_TO_32_BIT_CONVERSION = YES;
				GCC_WARN_ABOUT_RETURN_TYPE = YES_ERROR;
				GCC_WARN_UNDECLARED_SELECTOR = YES;
				GCC_WARN_UNINITIALIZED_AUTOS = YES_AGGRESSIVE;
				GCC_WARN_UNUSED_FUNCTION = YES;
				GCC_WARN_UNUSED_VARIABLE = YES;
				IPHONEOS_DEPLOYMENT_TARGET = 13.2;
				MTL_ENABLE_DEBUG_INFO = NO;
				MTL_FAST_MATH = YES;
				SDKROOT = iphoneos;
				SWIFT_COMPILATION_MODE = wholemodule;
				SWIFT_OPTIMIZATION_LEVEL = "-O";
				VALIDATE_PRODUCT = YES;
			};
			name = Release;
		};
		7EF65A0925D87B86007EDFD8 /* Debug */ = {
			isa = XCBuildConfiguration;
			baseConfigurationReference = 1A08C5A91B6D4EDB6F4A66AE /* Pods-JibSpaceX.debug.xcconfig */;
			buildSettings = {
				ASSETCATALOG_COMPILER_APPICON_NAME = AppIcon;
				CODE_SIGN_STYLE = Automatic;
				INFOPLIST_FILE = JibSpaceX/Info.plist;
				LD_RUNPATH_SEARCH_PATHS = (
					"$(inherited)",
					"@executable_path/Frameworks",
				);
				PRODUCT_BUNDLE_IDENTIFIER = "Ibrahim-Beltagy.JibSpaceX";
				PRODUCT_NAME = "$(TARGET_NAME)";
				SWIFT_VERSION = 5.0;
				TARGETED_DEVICE_FAMILY = "1,2";
			};
			name = Debug;
		};
		7EF65A0A25D87B86007EDFD8 /* Release */ = {
			isa = XCBuildConfiguration;
			baseConfigurationReference = A40EFD28EB116046F91D5F77 /* Pods-JibSpaceX.release.xcconfig */;
			buildSettings = {
				ASSETCATALOG_COMPILER_APPICON_NAME = AppIcon;
				CODE_SIGN_STYLE = Automatic;
				INFOPLIST_FILE = JibSpaceX/Info.plist;
				LD_RUNPATH_SEARCH_PATHS = (
					"$(inherited)",
					"@executable_path/Frameworks",
				);
				PRODUCT_BUNDLE_IDENTIFIER = "Ibrahim-Beltagy.JibSpaceX";
				PRODUCT_NAME = "$(TARGET_NAME)";
				SWIFT_VERSION = 5.0;
				TARGETED_DEVICE_FAMILY = "1,2";
			};
			name = Release;
		};
		7EF65A0C25D87B86007EDFD8 /* Debug */ = {
			isa = XCBuildConfiguration;
			baseConfigurationReference = 1E273357D9FA7FDCC4F6E6E1 /* Pods-JibSpaceXTests.debug.xcconfig */;
			buildSettings = {
				ALWAYS_EMBED_SWIFT_STANDARD_LIBRARIES = YES;
				BUNDLE_LOADER = "$(TEST_HOST)";
				CODE_SIGN_STYLE = Automatic;
				INFOPLIST_FILE = JibSpaceXTests/Info.plist;
				IPHONEOS_DEPLOYMENT_TARGET = 13.2;
				LD_RUNPATH_SEARCH_PATHS = (
					"$(inherited)",
					"@executable_path/Frameworks",
					"@loader_path/Frameworks",
				);
				PRODUCT_BUNDLE_IDENTIFIER = "Ibrahim-Beltagy.JibSpaceXTests";
				PRODUCT_NAME = "$(TARGET_NAME)";
				SWIFT_VERSION = 5.0;
				TARGETED_DEVICE_FAMILY = "1,2";
				TEST_HOST = "$(BUILT_PRODUCTS_DIR)/JibSpaceX.app/JibSpaceX";
			};
			name = Debug;
		};
		7EF65A0D25D87B86007EDFD8 /* Release */ = {
			isa = XCBuildConfiguration;
			baseConfigurationReference = 105B3D77A8D8E2FFE394DB6F /* Pods-JibSpaceXTests.release.xcconfig */;
			buildSettings = {
				ALWAYS_EMBED_SWIFT_STANDARD_LIBRARIES = YES;
				BUNDLE_LOADER = "$(TEST_HOST)";
				CODE_SIGN_STYLE = Automatic;
				INFOPLIST_FILE = JibSpaceXTests/Info.plist;
				IPHONEOS_DEPLOYMENT_TARGET = 13.2;
				LD_RUNPATH_SEARCH_PATHS = (
					"$(inherited)",
					"@executable_path/Frameworks",
					"@loader_path/Frameworks",
				);
				PRODUCT_BUNDLE_IDENTIFIER = "Ibrahim-Beltagy.JibSpaceXTests";
				PRODUCT_NAME = "$(TARGET_NAME)";
				SWIFT_VERSION = 5.0;
				TARGETED_DEVICE_FAMILY = "1,2";
				TEST_HOST = "$(BUILT_PRODUCTS_DIR)/JibSpaceX.app/JibSpaceX";
			};
			name = Release;
		};
/* End XCBuildConfiguration section */

/* Begin XCConfigurationList section */
		7EF659E425D87B83007EDFD8 /* Build configuration list for PBXProject "JibSpaceX" */ = {
			isa = XCConfigurationList;
			buildConfigurations = (
				7EF65A0625D87B86007EDFD8 /* Debug */,
				7EF65A0725D87B86007EDFD8 /* Release */,
			);
			defaultConfigurationIsVisible = 0;
			defaultConfigurationName = Release;
		};
		7EF65A0825D87B86007EDFD8 /* Build configuration list for PBXNativeTarget "JibSpaceX" */ = {
			isa = XCConfigurationList;
			buildConfigurations = (
				7EF65A0925D87B86007EDFD8 /* Debug */,
				7EF65A0A25D87B86007EDFD8 /* Release */,
			);
			defaultConfigurationIsVisible = 0;
			defaultConfigurationName = Release;
		};
		7EF65A0B25D87B86007EDFD8 /* Build configuration list for PBXNativeTarget "JibSpaceXTests" */ = {
			isa = XCConfigurationList;
			buildConfigurations = (
				7EF65A0C25D87B86007EDFD8 /* Debug */,
				7EF65A0D25D87B86007EDFD8 /* Release */,
			);
			defaultConfigurationIsVisible = 0;
			defaultConfigurationName = Release;
		};
/* End XCConfigurationList section */
	};
	rootObject = 7EF659E125D87B83007EDFD8 /* Project object */;
}
